Microsoft Visual Studio Solution File, Format Version 9.00
# Visual Studio 2005
Project("{8BC9CEB8-8B4A-11D0-8D11-00A0C91BC942}") = "AllTests", "AllTests\AllTests.vcproj", "{FCC680FF-2D48-453C-BD29-366AF586053F}"
	ProjectSection(ProjectDependencies) = postProject
		{C8DB7D30-876C-4710-A34C-3F640928E32D} = {C8DB7D30-876C-4710-A34C-3F640928E32D}
		{E6A6B530-8B50-457B-838C-6C67DD60F99A} = {E6A6B530-8B50-457B-838C-6C67DD60F99A}
		{DA3C3157-3A16-46CB-9082-FF74ACAAAAF2} = {DA3C3157-3A16-46CB-9082-FF74ACAAAAF2}
		{A1260167-112E-4071-81BA-FB7A21030F04} = {A1260167-112E-4071-81BA-FB7A21030F04}
		{7EB92972-C1F6-47A0-896C-DE27B112FEB8} = {7EB92972-C1F6-47A0-896C-DE27B112FEB8}
		{2AE0D273-A81D-43B6-921A-E645F2DE3D1F} = {2AE0D273-A81D-43B6-921A-E645F2DE3D1F}
		{04F9D079-39C3-4427-9EF8-B32C17999641} = {04F9D079-39C3-4427-9EF8-B32C17999641}
		{F306DC7B-7F96-48A8-BA78-E9B2AAE68F93} = {F306DC7B-7F96-48A8-BA78-E9B2AAE68F93}
		{C601FF92-FAE4-4B14-948D-00D5600405FF} = {C601FF92-FAE4-4B14-948D-00D5600405FF}
		{B6E3E4A5-DAE8-483A-8C34-EB65B1102356} = {B6E3E4A5-DAE8-483A-8C34-EB65B1102356}
		{4FAADAC5-48F8-4CC6-865E-A092E700C3B4} = {4FAADAC5-48F8-4CC6-865E-A092E700C3B4}
	EndProjectSection
EndProject
Project("{8BC9CEB8-8B4A-11D0-8D11-00A0C91BC942}") = "TnAprox", "TnAprox\TnAprox.vcproj", "{DA3C3157-3A16-46CB-9082-FF74ACAAAAF2}"
EndProject
Project("{8BC9CEB8-8B4A-11D0-8D11-00A0C91BC942}") = "terr", "terr\terr.vcproj", "{4FAADAC5-48F8-4CC6-865E-A092E700C3B4}"
EndProject
Project("{8BC9CEB8-8B4A-11D0-8D11-00A0C91BC942}") = "tint", "tint\tint.vcproj", "{B6E3E4A5-DAE8-483A-8C34-EB65B1102356}"
EndProject
Project("{8BC9CEB8-8B4A-11D0-8D11-00A0C91BC942}") = "tint2", "tint2\tint2.vcproj", "{A1260167-112E-4071-81BA-FB7A21030F04}"
EndProject
Project("{8BC9CEB8-8B4A-11D0-8D11-00A0C91BC942}") = "tmatrix", "tmatrix\tmatrix.vcproj", "{F306DC7B-7F96-48A8-BA78-E9B2AAE68F93}"
EndProject
Project("{8BC9CEB8-8B4A-11D0-8D11-00A0C91BC942}") = "tmatrixMat", "tmatrixMat\tmatrixMat.vcproj", "{2AE0D273-A81D-43B6-921A-E645F2DE3D1F}"
EndProject
Project("{8BC9CEB8-8B4A-11D0-8D11-00A0C91BC942}") = "tnInterp", "tnInterp\tnInterp.vcproj", "{7EB92972-C1F6-47A0-896C-DE27B112FEB8}"
EndProject
Project("{8BC9CEB8-8B4A-11D0-8D11-00A0C91BC942}") = "tnclosed", "tnclosed\tnclosed.vcproj", "{E6A6B530-8B50-457B-838C-6C67DD60F99A}"
EndProject
Project("{8BC9CEB8-8B4A-11D0-8D11-00A0C91BC942}") = "tnlength", "tnlength\tnlength.vcproj", "{C601FF92-FAE4-4B14-948D-00D5600405FF}"
EndProject
Project("{8BC9CEB8-8B4A-11D0-8D11-00A0C91BC942}") = "tnurbs", "tnurbs\tnurbs.vcproj", "{04F9D079-39C3-4427-9EF8-B32C17999641}"
EndProject
Project("{8BC9CEB8-8B4A-11D0-8D11-00A0C91BC942}") = "tvqsort", "tvqsort\tvqsort.vcproj", "{C8DB7D30-876C-4710-A34C-3F640928E32D}"
EndProject
Global
	GlobalSection(SolutionConfigurationPlatforms) = preSolution
		Debug|Win32 = Debug|Win32
		Release|Win32 = Release|Win32
	EndGlobalSection
	GlobalSection(ProjectConfigurationPlatforms) = postSolution
		{FCC680FF-2D48-453C-BD29-366AF586053F}.Debug|Win32.ActiveCfg = Debug|Win32
		{FCC680FF-2D48-453C-BD29-366AF586053F}.Debug|Win32.Build.0 = Debug|Win32
		{FCC680FF-2D48-453C-BD29-366AF586053F}.Release|Win32.ActiveCfg = Release|Win32
		{FCC680FF-2D48-453C-BD29-366AF586053F}.Release|Win32.Build.0 = Release|Win32
		{DA3C3157-3A16-46CB-9082-FF74ACAAAAF2}.Debug|Win32.ActiveCfg = Debug|Win32
		{DA3C3157-3A16-46CB-9082-FF74ACAAAAF2}.Debug|Win32.Build.0 = Debug|Win32
		{DA3C3157-3A16-46CB-9082-FF74ACAAAAF2}.Release|Win32.ActiveCfg = Release|Win32
		{DA3C3157-3A16-46CB-9082-FF74ACAAAAF2}.Release|Win32.Build.0 = Release|Win32
		{4FAADAC5-48F8-4CC6-865E-A092E700C3B4}.Debug|Win32.ActiveCfg = Debug|Win32
		{4FAADAC5-48F8-4CC6-865E-A092E700C3B4}.Debug|Win32.Build.0 = Debug|Win32
		{4FAADAC5-48F8-4CC6-865E-A092E700C3B4}.Release|Win32.ActiveCfg = Release|Win32
		{4FAADAC5-48F8-4CC6-865E-A092E700C3B4}.Release|Win32.Build.0 = Release|Win32
		{B6E3E4A5-DAE8-483A-8C34-EB65B1102356}.Debug|Win32.ActiveCfg = Debug|Win32
		{B6E3E4A5-DAE8-483A-8C34-EB65B1102356}.Debug|Win32.Build.0 = Debug|Win32
		{B6E3E4A5-DAE8-483A-8C34-EB65B1102356}.Release|Win32.ActiveCfg = Release|Win32
		{B6E3E4A5-DAE8-483A-8C34-EB65B1102356}.Release|Win32.Build.0 = Release|Win32
		{A1260167-112E-4071-81BA-FB7A21030F04}.Debug|Win32.ActiveCfg = Debug|Win32
		{A1260167-112E-4071-81BA-FB7A21030F04}.Debug|Win32.Build.0 = Debug|Win32
		{A1260167-112E-4071-81BA-FB7A21030F04}.Release|Win32.ActiveCfg = Release|Win32
		{A1260167-112E-4071-81BA-FB7A21030F04}.Release|Win32.Build.0 = Release|Win32
		{F306DC7B-7F96-48A8-BA78-E9B2AAE68F93}.Debug|Win32.ActiveCfg = Debug|Win32
		{F306DC7B-7F96-48A8-BA78-E9B2AAE68F93}.Debug|Win32.Build.0 = Debug|Win32
		{F306DC7B-7F96-48A8-BA78-E9B2AAE68F93}.Release|Win32.ActiveCfg = Release|Win32
		{F306DC7B-7F96-48A8-BA78-E9B2AAE68F93}.Release|Win32.Build.0 = Release|Win32
		{2AE0D273-A81D-43B6-921A-E645F2DE3D1F}.Debug|Win32.ActiveCfg = Debug|Win32
		{2AE0D273-A81D-43B6-921A-E645F2DE3D1F}.Debug|Win32.Build.0 = Debug|Win32
		{2AE0D273-A81D-43B6-921A-E645F2DE3D1F}.Release|Win32.ActiveCfg = Release|Win32
		{2AE0D273-A81D-43B6-921A-E645F2DE3D1F}.Release|Win32.Build.0 = Release|Win32
		{7EB92972-C1F6-47A0-896C-DE27B112FEB8}.Debug|Win32.ActiveCfg = Debug|Win32
		{7EB92972-C1F6-47A0-896C-DE27B112FEB8}.Debug|Win32.Build.0 = Debug|Win32
		{7EB92972-C1F6-47A0-896C-DE27B112FEB8}.Release|Win32.ActiveCfg = Release|Win32
		{7EB92972-C1F6-47A0-896C-DE27B112FEB8}.Release|Win32.Build.0 = Release|Win32
		{E6A6B530-8B50-457B-838C-6C67DD60F99A}.Debug|Win32.ActiveCfg = Debug|Win32
		{E6A6B530-8B50-457B-838C-6C67DD60F99A}.Debug|Win32.Build.0 = Debug|Win32
		{E6A6B530-8B50-457B-838C-6C67DD60F99A}.Release|Win32.ActiveCfg = Release|Win32
		{E6A6B530-8B50-457B-838C-6C67DD60F99A}.Release|Win32.Build.0 = Release|Win32
		{C601FF92-FAE4-4B14-948D-00D5600405FF}.Debug|Win32.ActiveCfg = Debug|Win32
		{C601FF92-FAE4-4B14-948D-00D5600405FF}.Debug|Win32.Build.0 = Debug|Win32
		{C601FF92-FAE4-4B14-948D-00D5600405FF}.Release|Win32.ActiveCfg = Release|Win32
		{C601FF92-FAE4-4B14-948D-00D5600405FF}.Release|Win32.Build.0 = Release|Win32
		{04F9D079-39C3-4427-9EF8-B32C17999641}.Debug|Win32.ActiveCfg = Debug|Win32
		{04F9D079-39C3-4427-9EF8-B32C17999641}.Debug|Win32.Build.0 = Debug|Win32
		{04F9D079-39C3-4427-9EF8-B32C17999641}.Release|Win32.ActiveCfg = Release|Win32
		{04F9D079-39C3-4427-9EF8-B32C17999641}.Release|Win32.Build.0 = Release|Win32
		{C8DB7D30-876C-4710-A34C-3F640928E32D}.Debug|Win32.ActiveCfg = Debug|Win32
		{C8DB7D30-876C-4710-A34C-3F640928E32D}.Debug|Win32.Build.0 = Debug|Win32
		{C8DB7D30-876C-4710-A34C-3F640928E32D}.Release|Win32.ActiveCfg = Release|Win32
		{C8DB7D30-876C-4710-A34C-3F640928E32D}.Release|Win32.Build.0 = Release|Win32
	EndGlobalSection
	GlobalSection(SolutionProperties) = preSolution
		HideSolutionNode = FALSE
	EndGlobalSection
EndGlobal
